
Microsoft Visual Studio Solution File, Format Version 12.00
# Visual Studio Version 17
VisualStudioVersion = 17.2.32519.379
MinimumVisualStudioVersion = 10.0.40219.1
Project("{9A19103F-16F7-4668-BE54-9A1E7A4F7556}") = "DesignPatterns", "DesignPatterns.csproj", "{92766432-8DA2-43B4-911E-526957E937BA}"
EndProject
Project("{FAE04EC0-301F-11D3-BF4B-00C04F79EFBC}") = "DesignPatternsAsp", "..\DesignPatternsAsp\DesignPatternsAsp.csproj", "{2D18A7E5-81BF-4F8A-B9F8-E9F107A0268F}"
EndProject
Project("{FAE04EC0-301F-11D3-BF4B-00C04F79EFBC}") = "Tools", "..\Tools\Tools.csproj", "{5C909BFD-8FDE-43E5-BF5A-9F9AF13557D0}"
EndProject
Global
	GlobalSection(SolutionConfigurationPlatforms) = preSolution
		Debug|Any CPU = Debug|Any CPU
		Release|Any CPU = Release|Any CPU
	EndGlobalSection
	GlobalSection(ProjectConfigurationPlatforms) = postSolution
		{92766432-8DA2-43B4-911E-526957E937BA}.Debug|Any CPU.ActiveCfg = Debug|Any CPU
		{92766432-8DA2-43B4-911E-526957E937BA}.Debug|Any CPU.Build.0 = Debug|Any CPU
		{92766432-8DA2-43B4-911E-526957E937BA}.Release|Any CPU.ActiveCfg = Release|Any CPU
		{92766432-8DA2-43B4-911E-526957E937BA}.Release|Any CPU.Build.0 = Release|Any CPU
		{2D18A7E5-81BF-4F8A-B9F8-E9F107A0268F}.Debug|Any CPU.ActiveCfg = Debug|Any CPU
		{2D18A7E5-81BF-4F8A-B9F8-E9F107A0268F}.Debug|Any CPU.Build.0 = Debug|Any CPU
		{2D18A7E5-81BF-4F8A-B9F8-E9F107A0268F}.Release|Any CPU.ActiveCfg = Release|Any CPU
		{2D18A7E5-81BF-4F8A-B9F8-E9F107A0268F}.Release|Any CPU.Build.0 = Release|Any CPU
		{5C909BFD-8FDE-43E5-BF5A-9F9AF13557D0}.Debug|Any CPU.ActiveCfg = Debug|Any CPU
		{5C909BFD-8FDE-43E5-BF5A-9F9AF13557D0}.Debug|Any CPU.Build.0 = Debug|Any CPU
		{5C909BFD-8FDE-43E5-BF5A-9F9AF13557D0}.Release|Any CPU.ActiveCfg = Release|Any CPU
		{5C909BFD-8FDE-43E5-BF5A-9F9AF13557D0}.Release|Any CPU.Build.0 = Release|Any CPU
	EndGlobalSection
	GlobalSection(SolutionProperties) = preSolution
		HideSolutionNode = FALSE
	EndGlobalSection
	GlobalSection(ExtensibilityGlobals) = postSolution
		SolutionGuid = {17708A56-1D5D-45A9-8599-89157C20FC20}
	EndGlobalSection
EndGlobal
